
Microsoft Visual Studio Solution File, Format Version 12.00
# Visual Studio Version 16
VisualStudioVersion = 16.0.29709.97
MinimumVisualStudioVersion = 10.0.40219.1
Project("{FAE04EC0-301F-11D3-BF4B-00C04F79EFBC}") = "Mcv3", "Mcv3\Mcv3.csproj", "{BF4595D9-40A4-4833-9D04-DF00CD774C82}"
EndProject
Global
	GlobalSection(SolutionConfigurationPlatforms) = preSolution
		Debug|Any CPU = Debug|Any CPU
		Release|Any CPU = Release|Any CPU
	EndGlobalSection
	GlobalSection(ProjectConfigurationPlatforms) = postSolution
		{BF4595D9-40A4-4833-9D04-DF00CD774C82}.Debug|Any CPU.ActiveCfg = Debug|Any CPU
		{BF4595D9-40A4-4833-9D04-DF00CD774C82}.Debug|Any CPU.Build.0 = Debug|Any CPU
		{BF4595D9-40A4-4833-9D04-DF00CD774C82}.Release|Any CPU.ActiveCfg = Release|Any CPU
		{BF4595D9-40A4-4833-9D04-DF00CD774C82}.Release|Any CPU.Build.0 = Release|Any CPU
	EndGlobalSection
	GlobalSection(SolutionProperties) = preSolution
		HideSolutionNode = FALSE
	EndGlobalSection
	GlobalSection(ExtensibilityGlobals) = postSolution
		SolutionGuid = {53771A82-DFED-47E9-A626-E04EAAD359D4}
	EndGlobalSection
EndGlobal
